
Microsoft Visual Studio Solution File, Format Version 12.00
# Visual Studio Version 16
VisualStudioVersion = 16.0.30114.105
MinimumVisualStudioVersion = 10.0.40219.1
Project("{FAE04EC0-301F-11D3-BF4B-00C04F79EFBC}") = "API", "API\API.csproj", "{D997E790-042D-408E-A193-0622F19E3845}"
EndProject
Global
	GlobalSection(SolutionConfigurationPlatforms) = preSolution
		Debug|Any CPU = Debug|Any CPU
		Release|Any CPU = Release|Any CPU
	EndGlobalSection
	GlobalSection(ProjectConfigurationPlatforms) = postSolution
		{D997E790-042D-408E-A193-0622F19E3845}.Debug|Any CPU.ActiveCfg = Debug|Any CPU
		{D997E790-042D-408E-A193-0622F19E3845}.Debug|Any CPU.Build.0 = Debug|Any CPU
		{D997E790-042D-408E-A193-0622F19E3845}.Release|Any CPU.ActiveCfg = Release|Any CPU
		{D997E790-042D-408E-A193-0622F19E3845}.Release|Any CPU.Build.0 = Release|Any CPU
	EndGlobalSection
	GlobalSection(SolutionProperties) = preSolution
		HideSolutionNode = FALSE
	EndGlobalSection
	GlobalSection(ExtensibilityGlobals) = postSolution
		SolutionGuid = {B8A4FF8B-9192-446D-A840-BD872F8B9DD2}
	EndGlobalSection
EndGlobal
